
Microsoft Visual Studio Solution File, Format Version 12.00
# Visual Studio 15
VisualStudioVersion = 15.0.28307.421
MinimumVisualStudioVersion = 10.0.40219.1
Project("{FAE04EC0-301F-11D3-BF4B-00C04F79EFBC}") = "AutomationTraining_M7", "AutomationTraining_M7\AutomationTraining_M7.csproj", "{6E63BEE2-9EAA-4067-8A7C-6BBE46565986}"
EndProject
Global
	GlobalSection(SolutionConfigurationPlatforms) = preSolution
		Debug|Any CPU = Debug|Any CPU
		Release|Any CPU = Release|Any CPU
	EndGlobalSection
	GlobalSection(ProjectConfigurationPlatforms) = postSolution
		{6E63BEE2-9EAA-4067-8A7C-6BBE46565986}.Debug|Any CPU.ActiveCfg = Debug|Any CPU
		{6E63BEE2-9EAA-4067-8A7C-6BBE46565986}.Debug|Any CPU.Build.0 = Debug|Any CPU
		{6E63BEE2-9EAA-4067-8A7C-6BBE46565986}.Release|Any CPU.ActiveCfg = Release|Any CPU
		{6E63BEE2-9EAA-4067-8A7C-6BBE46565986}.Release|Any CPU.Build.0 = Release|Any CPU
	EndGlobalSection
	GlobalSection(SolutionProperties) = preSolution
		HideSolutionNode = FALSE
	EndGlobalSection
	GlobalSection(ExtensibilityGlobals) = postSolution
		SolutionGuid = {22224468-0E1A-469B-A812-4F76659C5E5E}
	EndGlobalSection
EndGlobal
