
Microsoft Visual Studio Solution File, Format Version 12.00
# Visual Studio 15
VisualStudioVersion = 15.0.28307.421
MinimumVisualStudioVersion = 10.0.40219.1
Project("{FAE04EC0-301F-11D3-BF4B-00C04F79EFBC}") = "AutomationTrainingM7C", "AutomationTrainingM7C\AutomationTrainingM7C.csproj", "{2D840DA4-E88A-490D-B029-65D4865B7832}"
EndProject
Global
	GlobalSection(SolutionConfigurationPlatforms) = preSolution
		Debug|Any CPU = Debug|Any CPU
		Release|Any CPU = Release|Any CPU
	EndGlobalSection
	GlobalSection(ProjectConfigurationPlatforms) = postSolution
		{2D840DA4-E88A-490D-B029-65D4865B7832}.Debug|Any CPU.ActiveCfg = Debug|Any CPU
		{2D840DA4-E88A-490D-B029-65D4865B7832}.Debug|Any CPU.Build.0 = Debug|Any CPU
		{2D840DA4-E88A-490D-B029-65D4865B7832}.Release|Any CPU.ActiveCfg = Release|Any CPU
		{2D840DA4-E88A-490D-B029-65D4865B7832}.Release|Any CPU.Build.0 = Release|Any CPU
	EndGlobalSection
	GlobalSection(SolutionProperties) = preSolution
		HideSolutionNode = FALSE
	EndGlobalSection
	GlobalSection(ExtensibilityGlobals) = postSolution
		SolutionGuid = {D22BA3A7-9FEA-47D8-BD64-4D0AFFF1420D}
	EndGlobalSection
EndGlobal
